# This file is automatically @generated by Wally.
# It is not intended for manual editing.
registry = "test"

[[package]]
name = "taylo/souls"
version = "0.1.0"
dependencies = [["Gizmo", "tmpxyz/imgizmo@3.6.0"], ["ShapecastHitbox", "teamswordphin/shapecasthitbox@0.2.9"]]

[[package]]
name = "teamswordphin/shapecasthitbox"
version = "0.2.9"
dependencies = []

[[package]]
name = "tmpxyz/imgizmo"
version = "3.6.0"
dependencies = []
