# This file is automatically @generated by Wally.
# It is not intended for manual editing.
registry = "test"

[[package]]
name = "stravant/goodsignal"
version = "0.3.1"
dependencies = []

[[package]]
name = "taylo/souls"
version = "0.1.0"
dependencies = [["Gizmo", "tmpxyz/imgizmo@3.6.0"], ["Signal", "stravant/goodsignal@0.3.1"]]

[[package]]
name = "tmpxyz/imgizmo"
version = "3.6.0"
dependencies = []
